
Microsoft Visual Studio Solution File, Format Version 12.00
# Visual Studio Version 16
VisualStudioVersion = 16.0.30907.101
MinimumVisualStudioVersion = 10.0.40219.1
Project("{FAE04EC0-301F-11D3-BF4B-00C04F79EFBC}") = "Parcial_2.Android", "Parcial_2\Parcial_2.Android\Parcial_2.Android.csproj", "{1CE4456C-13A3-4CA9-997B-497E4C7DA8C3}"
EndProject
Project("{FAE04EC0-301F-11D3-BF4B-00C04F79EFBC}") = "Parcial_2.iOS", "Parcial_2\Parcial_2.iOS\Parcial_2.iOS.csproj", "{0822356B-860A-4C59-AF68-E057B80108BB}"
EndProject
Project("{FAE04EC0-301F-11D3-BF4B-00C04F79EFBC}") = "Parcial_2", "Parcial_2\Parcial_2\Parcial_2.csproj", "{F70AD6D2-CE59-497B-BB80-DAF096226DD3}"
EndProject
Global
	GlobalSection(SolutionConfigurationPlatforms) = preSolution
		Debug|Any CPU = Debug|Any CPU
		Debug|iPhone = Debug|iPhone
		Debug|iPhoneSimulator = Debug|iPhoneSimulator
		Release|Any CPU = Release|Any CPU
		Release|iPhone = Release|iPhone
		Release|iPhoneSimulator = Release|iPhoneSimulator
	EndGlobalSection
	GlobalSection(ProjectConfigurationPlatforms) = postSolution
		{1CE4456C-13A3-4CA9-997B-497E4C7DA8C3}.Debug|Any CPU.ActiveCfg = Debug|Any CPU
		{1CE4456C-13A3-4CA9-997B-497E4C7DA8C3}.Debug|Any CPU.Build.0 = Debug|Any CPU
		{1CE4456C-13A3-4CA9-997B-497E4C7DA8C3}.Debug|Any CPU.Deploy.0 = Debug|Any CPU
		{1CE4456C-13A3-4CA9-997B-497E4C7DA8C3}.Debug|iPhone.ActiveCfg = Debug|Any CPU
		{1CE4456C-13A3-4CA9-997B-497E4C7DA8C3}.Debug|iPhone.Build.0 = Debug|Any CPU
		{1CE4456C-13A3-4CA9-997B-497E4C7DA8C3}.Debug|iPhone.Deploy.0 = Debug|Any CPU
		{1CE4456C-13A3-4CA9-997B-497E4C7DA8C3}.Debug|iPhoneSimulator.ActiveCfg = Debug|Any CPU
		{1CE4456C-13A3-4CA9-997B-497E4C7DA8C3}.Debug|iPhoneSimulator.Build.0 = Debug|Any CPU
		{1CE4456C-13A3-4CA9-997B-497E4C7DA8C3}.Debug|iPhoneSimulator.Deploy.0 = Debug|Any CPU
		{1CE4456C-13A3-4CA9-997B-497E4C7DA8C3}.Release|Any CPU.ActiveCfg = Release|Any CPU
		{1CE4456C-13A3-4CA9-997B-497E4C7DA8C3}.Release|Any CPU.Build.0 = Release|Any CPU
		{1CE4456C-13A3-4CA9-997B-497E4C7DA8C3}.Release|Any CPU.Deploy.0 = Release|Any CPU
		{1CE4456C-13A3-4CA9-997B-497E4C7DA8C3}.Release|iPhone.ActiveCfg = Release|Any CPU
		{1CE4456C-13A3-4CA9-997B-497E4C7DA8C3}.Release|iPhone.Build.0 = Release|Any CPU
		{1CE4456C-13A3-4CA9-997B-497E4C7DA8C3}.Release|iPhone.Deploy.0 = Release|Any CPU
		{1CE4456C-13A3-4CA9-997B-497E4C7DA8C3}.Release|iPhoneSimulator.ActiveCfg = Release|Any CPU
		{1CE4456C-13A3-4CA9-997B-497E4C7DA8C3}.Release|iPhoneSimulator.Build.0 = Release|Any CPU
		{1CE4456C-13A3-4CA9-997B-497E4C7DA8C3}.Release|iPhoneSimulator.Deploy.0 = Release|Any CPU
		{0822356B-860A-4C59-AF68-E057B80108BB}.Debug|Any CPU.ActiveCfg = Debug|iPhone
		{0822356B-860A-4C59-AF68-E057B80108BB}.Debug|Any CPU.Build.0 = Debug|iPhone
		{0822356B-860A-4C59-AF68-E057B80108BB}.Debug|Any CPU.Deploy.0 = Debug|iPhone
		{0822356B-860A-4C59-AF68-E057B80108BB}.Debug|iPhone.ActiveCfg = Debug|iPhone
		{0822356B-860A-4C59-AF68-E057B80108BB}.Debug|iPhone.Build.0 = Debug|iPhone
		{0822356B-860A-4C59-AF68-E057B80108BB}.Debug|iPhone.Deploy.0 = Debug|iPhone
		{0822356B-860A-4C59-AF68-E057B80108BB}.Debug|iPhoneSimulator.ActiveCfg = Debug|iPhoneSimulator
		{0822356B-860A-4C59-AF68-E057B80108BB}.Debug|iPhoneSimulator.Build.0 = Debug|iPhoneSimulator
		{0822356B-860A-4C59-AF68-E057B80108BB}.Debug|iPhoneSimulator.Deploy.0 = Debug|iPhoneSimulator
		{0822356B-860A-4C59-AF68-E057B80108BB}.Release|Any CPU.ActiveCfg = Release|iPhoneSimulator
		{0822356B-860A-4C59-AF68-E057B80108BB}.Release|Any CPU.Build.0 = Release|iPhoneSimulator
		{0822356B-860A-4C59-AF68-E057B80108BB}.Release|Any CPU.Deploy.0 = Release|iPhoneSimulator
		{0822356B-860A-4C59-AF68-E057B80108BB}.Release|iPhone.ActiveCfg = Release|iPhone
		{0822356B-860A-4C59-AF68-E057B80108BB}.Release|iPhone.Build.0 = Release|iPhone
		{0822356B-860A-4C59-AF68-E057B80108BB}.Release|iPhone.Deploy.0 = Release|iPhone
		{0822356B-860A-4C59-AF68-E057B80108BB}.Release|iPhoneSimulator.ActiveCfg = Release|iPhoneSimulator
		{0822356B-860A-4C59-AF68-E057B80108BB}.Release|iPhoneSimulator.Build.0 = Release|iPhoneSimulator
		{0822356B-860A-4C59-AF68-E057B80108BB}.Release|iPhoneSimulator.Deploy.0 = Release|iPhoneSimulator
		{F70AD6D2-CE59-497B-BB80-DAF096226DD3}.Debug|Any CPU.ActiveCfg = Debug|Any CPU
		{F70AD6D2-CE59-497B-BB80-DAF096226DD3}.Debug|Any CPU.Build.0 = Debug|Any CPU
		{F70AD6D2-CE59-497B-BB80-DAF096226DD3}.Debug|Any CPU.Deploy.0 = Debug|Any CPU
		{F70AD6D2-CE59-497B-BB80-DAF096226DD3}.Debug|iPhone.ActiveCfg = Debug|Any CPU
		{F70AD6D2-CE59-497B-BB80-DAF096226DD3}.Debug|iPhone.Build.0 = Debug|Any CPU
		{F70AD6D2-CE59-497B-BB80-DAF096226DD3}.Debug|iPhone.Deploy.0 = Debug|Any CPU
		{F70AD6D2-CE59-497B-BB80-DAF096226DD3}.Debug|iPhoneSimulator.ActiveCfg = Debug|Any CPU
		{F70AD6D2-CE59-497B-BB80-DAF096226DD3}.Debug|iPhoneSimulator.Build.0 = Debug|Any CPU
		{F70AD6D2-CE59-497B-BB80-DAF096226DD3}.Debug|iPhoneSimulator.Deploy.0 = Debug|Any CPU
		{F70AD6D2-CE59-497B-BB80-DAF096226DD3}.Release|Any CPU.ActiveCfg = Release|Any CPU
		{F70AD6D2-CE59-497B-BB80-DAF096226DD3}.Release|Any CPU.Build.0 = Release|Any CPU
		{F70AD6D2-CE59-497B-BB80-DAF096226DD3}.Release|Any CPU.Deploy.0 = Release|Any CPU
		{F70AD6D2-CE59-497B-BB80-DAF096226DD3}.Release|iPhone.ActiveCfg = Release|Any CPU
		{F70AD6D2-CE59-497B-BB80-DAF096226DD3}.Release|iPhone.Build.0 = Release|Any CPU
		{F70AD6D2-CE59-497B-BB80-DAF096226DD3}.Release|iPhone.Deploy.0 = Release|Any CPU
		{F70AD6D2-CE59-497B-BB80-DAF096226DD3}.Release|iPhoneSimulator.ActiveCfg = Release|Any CPU
		{F70AD6D2-CE59-497B-BB80-DAF096226DD3}.Release|iPhoneSimulator.Build.0 = Release|Any CPU
		{F70AD6D2-CE59-497B-BB80-DAF096226DD3}.Release|iPhoneSimulator.Deploy.0 = Release|Any CPU
	EndGlobalSection
	GlobalSection(SolutionProperties) = preSolution
		HideSolutionNode = FALSE
	EndGlobalSection
	GlobalSection(ExtensibilityGlobals) = postSolution
		SolutionGuid = {156B7196-6B40-4388-B349-A07AC50C8CEA}
	EndGlobalSection
EndGlobal
